
Microsoft Visual Studio Solution File, Format Version 11.00
# Visual Studio 2010
Project("{FAE04EC0-301F-11D3-BF4B-00C04F79EFBC}") = "MockDbProvider", "MockDbProvider\MockDbProvider.csproj", "{896E8EC4-B234-4DE3-A9A7-A124621209CD}"
EndProject
Project("{FAE04EC0-301F-11D3-BF4B-00C04F79EFBC}") = "MockDbProvider.Tests", "MockDbProvider.Tests\MockDbProvider.Tests.csproj", "{E2A08FD4-FADC-4535-B57B-FAA32B612DE5}"
EndProject
Project("{2150E333-8FDC-42A3-9474-1A3956D46DE8}") = "Solution Items", "Solution Items", "{9CC6603D-350C-46B5-8272-10FEC9DA0750}"
	ProjectSection(SolutionItems) = preProject
		Local.testsettings = Local.testsettings
		MockDbProvider.vsmdi = MockDbProvider.vsmdi
		TraceAndTestImpact.testsettings = TraceAndTestImpact.testsettings
	EndProjectSection
EndProject
Global
	GlobalSection(TestCaseManagementSettings) = postSolution
		CategoryFile = MockDbProvider.vsmdi
	EndGlobalSection
	GlobalSection(SolutionConfigurationPlatforms) = preSolution
		Debug|Any CPU = Debug|Any CPU
		Release|Any CPU = Release|Any CPU
	EndGlobalSection
	GlobalSection(ProjectConfigurationPlatforms) = postSolution
		{896E8EC4-B234-4DE3-A9A7-A124621209CD}.Debug|Any CPU.ActiveCfg = Debug|Any CPU
		{896E8EC4-B234-4DE3-A9A7-A124621209CD}.Debug|Any CPU.Build.0 = Debug|Any CPU
		{896E8EC4-B234-4DE3-A9A7-A124621209CD}.Release|Any CPU.ActiveCfg = Release|Any CPU
		{896E8EC4-B234-4DE3-A9A7-A124621209CD}.Release|Any CPU.Build.0 = Release|Any CPU
		{E2A08FD4-FADC-4535-B57B-FAA32B612DE5}.Debug|Any CPU.ActiveCfg = Debug|Any CPU
		{E2A08FD4-FADC-4535-B57B-FAA32B612DE5}.Debug|Any CPU.Build.0 = Debug|Any CPU
		{E2A08FD4-FADC-4535-B57B-FAA32B612DE5}.Release|Any CPU.ActiveCfg = Release|Any CPU
		{E2A08FD4-FADC-4535-B57B-FAA32B612DE5}.Release|Any CPU.Build.0 = Release|Any CPU
	EndGlobalSection
	GlobalSection(SolutionProperties) = preSolution
		HideSolutionNode = FALSE
	EndGlobalSection
EndGlobal
